
Microsoft Visual Studio Solution File, Format Version 12.00
# Visual Studio Version 17
VisualStudioVersion = 17.0.32014.148
MinimumVisualStudioVersion = 10.0.40219.1
Project("{9A19103F-16F7-4668-BE54-9A1E7A4F7556}") = "InventoryBeginners", "InventoryBeginners.csproj", "{92574A60-43CE-4180-9D8B-20DF9F5E0DAF}"
EndProject
Project("{FAE04EC0-301F-11D3-BF4B-00C04F79EFBC}") = "Tools", "..\Tools\Tools.csproj", "{3750BA9A-432C-4C91-909E-9DFCB59F378F}"
EndProject
Project("{2150E333-8FDC-42A3-9474-1A3956D46DE8}") = "Solution Items", "Solution Items", "{F6014AAC-74C7-4370-B479-9CCE8DE33C7D}"
	ProjectSection(SolutionItems) = preProject
		.editorconfig = .editorconfig
	EndProjectSection
EndProject
Global
	GlobalSection(SolutionConfigurationPlatforms) = preSolution
		Debug|Any CPU = Debug|Any CPU
		Release|Any CPU = Release|Any CPU
	EndGlobalSection
	GlobalSection(ProjectConfigurationPlatforms) = postSolution
		{92574A60-43CE-4180-9D8B-20DF9F5E0DAF}.Debug|Any CPU.ActiveCfg = Debug|Any CPU
		{92574A60-43CE-4180-9D8B-20DF9F5E0DAF}.Debug|Any CPU.Build.0 = Debug|Any CPU
		{92574A60-43CE-4180-9D8B-20DF9F5E0DAF}.Release|Any CPU.ActiveCfg = Release|Any CPU
		{92574A60-43CE-4180-9D8B-20DF9F5E0DAF}.Release|Any CPU.Build.0 = Release|Any CPU
		{3750BA9A-432C-4C91-909E-9DFCB59F378F}.Debug|Any CPU.ActiveCfg = Debug|Any CPU
		{3750BA9A-432C-4C91-909E-9DFCB59F378F}.Debug|Any CPU.Build.0 = Debug|Any CPU
		{3750BA9A-432C-4C91-909E-9DFCB59F378F}.Release|Any CPU.ActiveCfg = Release|Any CPU
		{3750BA9A-432C-4C91-909E-9DFCB59F378F}.Release|Any CPU.Build.0 = Release|Any CPU
	EndGlobalSection
	GlobalSection(SolutionProperties) = preSolution
		HideSolutionNode = FALSE
	EndGlobalSection
	GlobalSection(ExtensibilityGlobals) = postSolution
		SolutionGuid = {450A9877-594D-42CE-BD85-8CA8EB84E5A3}
	EndGlobalSection
EndGlobal
